github.com/theNewDynamic/gohugo-theme-ananke v0.0.0-20211202202218-c7b9901e01ec h1:xPZsJW3VpbUXIF6JFIkobChz/FC+EvldRnWAhaxHCdA=
github.com/theNewDynamic/gohugo-theme-ananke v0.0.0-20211202202218-c7b9901e01ec/go.mod h1:bgj7bjD98mZSR/KOYKuF5lcIgEmTnJ763rZH4EseLv4=
github.com/themefisher/airspace-hugo v1.1.0 h1:75uuTpwERfko4ftQBARXAsZUqPG3gFbGN5hP/QtKPo4=
github.com/themefisher/airspace-hugo v1.1.0/go.mod h1:C2qpVeCY3+cUl6RJFFFNDGbNGfQyEanvAy5nvnVnPIE=
